
Microsoft Visual Studio Solution File, Format Version 12.00
# Visual Studio Version 17
VisualStudioVersion = 17.1.32421.90
MinimumVisualStudioVersion = 10.0.40219.1
Project("{9A19103F-16F7-4668-BE54-9A1E7A4F7556}") = "BattleshipWebsocketServer", "BattleshipWebsocketServer\BattleshipWebsocketServer.csproj", "{A4593641-3EA3-43BF-B7B1-AAC00C551742}"
EndProject
Project("{FAE04EC0-301F-11D3-BF4B-00C04F79EFBC}") = "BattleshipWebsocketServer.Tests", "BattleshipWebsocketServer.Test\BattleshipWebsocketServer.Tests.csproj", "{EAB6ED3B-3D1B-47C4-9023-FFEF0234A9AB}"
EndProject
Global
	GlobalSection(SolutionConfigurationPlatforms) = preSolution
		Debug|Any CPU = Debug|Any CPU
		Release|Any CPU = Release|Any CPU
	EndGlobalSection
	GlobalSection(ProjectConfigurationPlatforms) = postSolution
		{A4593641-3EA3-43BF-B7B1-AAC00C551742}.Debug|Any CPU.ActiveCfg = Debug|Any CPU
		{A4593641-3EA3-43BF-B7B1-AAC00C551742}.Debug|Any CPU.Build.0 = Debug|Any CPU
		{A4593641-3EA3-43BF-B7B1-AAC00C551742}.Release|Any CPU.ActiveCfg = Release|Any CPU
		{A4593641-3EA3-43BF-B7B1-AAC00C551742}.Release|Any CPU.Build.0 = Release|Any CPU
		{EAB6ED3B-3D1B-47C4-9023-FFEF0234A9AB}.Debug|Any CPU.ActiveCfg = Debug|Any CPU
		{EAB6ED3B-3D1B-47C4-9023-FFEF0234A9AB}.Debug|Any CPU.Build.0 = Debug|Any CPU
		{EAB6ED3B-3D1B-47C4-9023-FFEF0234A9AB}.Release|Any CPU.ActiveCfg = Release|Any CPU
		{EAB6ED3B-3D1B-47C4-9023-FFEF0234A9AB}.Release|Any CPU.Build.0 = Release|Any CPU
	EndGlobalSection
	GlobalSection(SolutionProperties) = preSolution
		HideSolutionNode = FALSE
	EndGlobalSection
	GlobalSection(ExtensibilityGlobals) = postSolution
		SolutionGuid = {4B177AD8-36DB-4D02-84F8-ABE7D91712B5}
	EndGlobalSection
EndGlobal
